// !$*UTF8*$!
{
	archiveVersion = 1;
	classes = {
	};
	objectVersion = 60;
	objects = {

/* Begin PBXBuildFile section */
		5E9ED670300B6DEA00B1B36C /* AppDelegate.swift in Sources */ = {isa = PBXBuildFile; fileRef = 5E9ED66F300B6DEA00B1B36C /* AppDelegate.swift */; };
		5E9ED672300B6DEA00B1B36C /* SceneDelegate.swift in Sources */ = {isa = PBXBuildFile; fileRef = 5E9ED671300B6DEA00B1B36C /* SceneDelegate.swift */; };
		5E9ED674300B6DEA00B1B36C /* ViewController.swift in Sources */ = {isa = PBXBuildFile; fileRef = 5E9ED673300B6DEA00B1B36C /* ViewController.swift */; };
		5E9ED677300B6DEB00B1B36C /* Main.storyboard in Resources */ = {isa = PBXBuildFile; fileRef = 5E9ED675300B6DEB00B1B36C /* Main.storyboard */; };
		5E9ED679300B6E2A00B1B36C /* Assets.xcassets in Resources */ = {isa = PBXBuildFile; fileRef = 5E9ED678300B6E2A00B1B36C /* Assets.xcassets */; };
		5E9ED67C300B6E2A00B1B36C /* LaunchScreen.storyboard in Resources */ = {isa = PBXBuildFile; fileRef = 5E9ED67A300B6E2A00B1B36C /* LaunchScreen.storyboard */; };
		5E9ED687300B6E2D00B1B36C /* Deepfake_Check_ProjectTests.swift in Sources */ = {isa = PBXBuildFile; fileRef = 5E9ED686300B6E2D00B1B36C /* Deepfake_Check_ProjectTests.swift */; };
		5E9ED691300B6E2E00B1B36C /* Deepfake_Check_ProjectUITests.swift in Sources */ = {isa = PBXBuildFile; fileRef = 5E9ED690300B6E2E00B1B36C /* Deepfake_Check_ProjectUITests.swift */; };
		5E9ED693300B6E2E00B1B36C /* Deepfake_Check_ProjectUITestsLaunchTests.swift in Sources */ = {isa = PBXBuildFile; fileRef = 5E9ED692300B6E2E00B1B36C /* Deepfake_Check_ProjectUITestsLaunchTests.swift */; };
		5E9ED6A2300B871600B1B36C /* TruthTubeSDK in Frameworks */ = {isa = PBXBuildFile; productRef = 5E9ED6A1300B871600B1B36C /* TruthTubeSDK */; };
/* End PBXBuildFile section */

/* Begin PBXContainerItemProxy section */
		5E9ED683300B6E2D00B1B36C /* PBXContainerItemProxy */ = {
			isa = PBXContainerItemProxy;
			containerPortal = 5E9ED664300B6DE800B1B36C /* Project object */;
			proxyType = 1;
			remoteGlobalIDString = 5E9ED66B300B6DE900B1B36C;
			remoteInfo = Deepfake_Check_Project;
		};
		5E9ED68D300B6E2E00B1B36C /* PBXContainerItemProxy */ = {
			isa = PBXContainerItemProxy;
			containerPortal = 5E9ED664300B6DE800B1B36C /* Project object */;
			proxyType = 1;
			remoteGlobalIDString = 5E9ED66B300B6DE900B1B36C;
			remoteInfo = Deepfake_Check_Project;
		};
/* End PBXContainerItemProxy section */

/* Begin PBXFileReference section */
		5E9ED66C300B6DE900B1B36C /* Deepfake_Check_Project.app */ = {isa = PBXFileReference; explicitFileType = wrapper.application; includeInIndex = 0; path = Deepfake_Check_Project.app; sourceTree = BUILT_PRODUCTS_DIR; };
		5E9ED66F300B6DEA00B1B36C /* AppDelegate.swift */ = {isa = PBXFileReference; lastKnownFileType = sourcecode.swift; path = AppDelegate.swift; sourceTree = "<group>"; };
		5E9ED671300B6DEA00B1B36C /* SceneDelegate.swift */ = {isa = PBXFileReference; lastKnownFileType = sourcecode.swift; path = SceneDelegate.swift; sourceTree = "<group>"; };
		5E9ED673300B6DEA00B1B36C /* ViewController.swift */ = {isa = PBXFileReference; lastKnownFileType = sourcecode.swift; path = ViewController.swift; sourceTree = "<group>"; };
		5E9ED676300B6DEB00B1B36C /* Base */ = {isa = PBXFileReference; lastKnownFileType = file.storyboard; name = Base; path = Base.lproj/Main.storyboard; sourceTree = "<group>"; };
		5E9ED678300B6E2A00B1B36C /* Assets.xcassets */ = {isa = PBXFileReference; lastKnownFileType = folder.assetcatalog; path = Assets.xcassets; sourceTree = "<group>"; };
		5E9ED67B300B6E2A00B1B36C /* Base */ = {isa = PBXFileReference; lastKnownFileType = file.storyboard; name = Base; path = Base.lproj/LaunchScreen.storyboard; sourceTree = "<group>"; };
		5E9ED67D300B6E2A00B1B36C /* Info.plist */ = {isa = PBXFileReference; lastKnownFileType = text.plist.xml; path = Info.plist; sourceTree = "<group>"; };
		5E9ED682300B6E2D00B1B36C /* Deepfake_Check_ProjectTests.xctest */ = {isa = PBXFileReference; explicitFileType = wrapper.cfbundle; includeInIndex = 0; path = Deepfake_Check_ProjectTests.xctest; sourceTree = BUILT_PRODUCTS_DIR; };
		5E9ED686300B6E2D00B1B36C /* Deepfake_Check_ProjectTests.swift */ = {isa = PBXFileReference; lastKnownFileType = sourcecode.swift; path = Deepfake_Check_ProjectTests.swift; sourceTree = "<group>"; };
		5E9ED68C300B6E2E00B1B36C /* Deepfake_Check_ProjectUITests.xctest */ = {isa = PBXFileReference; explicitFileType = wrapper.cfbundle; includeInIndex = 0; path = Deepfake_Check_ProjectUITests.xctest; sourceTree = BUILT_PRODUCTS_DIR; };
		5E9ED690300B6E2E00B1B36C /* Deepfake_Check_ProjectUITests.swift */ = {isa = PBXFileReference; lastKnownFileType = sourcecode.swift; path = Deepfake_Check_ProjectUITests.swift; sourceTree = "<group>"; };
		5E9ED692300B6E2E00B1B36C /* Deepfake_Check_ProjectUITestsLaunchTests.swift */ = {isa = PBXFileReference; lastKnownFileType = sourcecode.swift; path = Deepfake_Check_ProjectUITestsLaunchTests.swift; sourceTree = "<group>"; };
/* End PBXFileReference section */

/* Begin PBXFrameworksBuildPhase section */
		5E9ED669300B6DE900B1B36C /* Frameworks */ = {
			isa = PBXFrameworksBuildPhase;
			buildActionMask = 2147483647;
			files = (
				5E9ED6A2300B871600B1B36C /* TruthTubeSDK in Frameworks */,
			);
			runOnlyForDeploymentPostprocessing = 0;
		};
		5E9ED67F300B6E2D00B1B36C /* Frameworks */ = {
			isa = PBXFrameworksBuildPhase;
			buildActionMask = 2147483647;
			files = (
			);
			runOnlyForDeploymentPostprocessing = 0;
		};
		5E9ED689300B6E2E00B1B36C /* Frameworks */ = {
			isa = PBXFrameworksBuildPhase;
			buildActionMask = 2147483647;
			files = (
			);
			runOnlyForDeploymentPostprocessing = 0;
		};
/* End PBXFrameworksBuildPhase section */

/* Begin PBXGroup section */
		5E9ED663300B6DE800B1B36C = {
			isa = PBXGroup;
			children = (
				5E9ED66E300B6DE900B1B36C /* Deepfake_Check_Project */,
				5E9ED685300B6E2D00B1B36C /* Deepfake_Check_ProjectTests */,
				5E9ED68F300B6E2E00B1B36C /* Deepfake_Check_ProjectUITests */,
				5E9ED66D300B6DE900B1B36C /* Products */,
			);
			sourceTree = "<group>";
		};
		5E9ED66D300B6DE900B1B36C /* Products */ = {
			isa = PBXGroup;
			children = (
				5E9ED66C300B6DE900B1B36C /* Deepfake_Check_Project.app */,
				5E9ED682300B6E2D00B1B36C /* Deepfake_Check_ProjectTests.xctest */,
				5E9ED68C300B6E2E00B1B36C /* Deepfake_Check_ProjectUITests.xctest */,
			);
			name = Products;
			sourceTree = "<group>";
		};
		5E9ED66E300B6DE900B1B36C /* Deepfake_Check_Project */ = {
			isa = PBXGroup;
			children = (
				5E9ED66F300B6DEA00B1B36C /* AppDelegate.swift */,
				5E9ED671300B6DEA00B1B36C /* SceneDelegate.swift */,
				5E9ED673300B6DEA00B1B36C /* ViewController.swift */,
				5E9ED675300B6DEB00B1B36C /* Main.storyboard */,
				5E9ED678300B6E2A00B1B36C /* Assets.xcassets */,
				5E9ED67A300B6E2A00B1B36C /* LaunchScreen.storyboard */,
				5E9ED67D300B6E2A00B1B36C /* Info.plist */,
			);
			path = Deepfake_Check_Project;
			sourceTree = "<group>";
		};
		5E9ED685300B6E2D00B1B36C /* Deepfake_Check_ProjectTests */ = {
			isa = PBXGroup;
			children = (
				5E9ED686300B6E2D00B1B36C /* Deepfake_Check_ProjectTests.swift */,
			);
			path = Deepfake_Check_ProjectTests;
			sourceTree = "<group>";
		};
		5E9ED68F300B6E2E00B1B36C /* Deepfake_Check_ProjectUITests */ = {
			isa = PBXGroup;
			children = (
				5E9ED690300B6E2E00B1B36C /* Deepfake_Check_ProjectUITests.swift */,
				5E9ED692300B6E2E00B1B36C /* Deepfake_Check_ProjectUITestsLaunchTests.swift */,
			);
			path = Deepfake_Check_ProjectUITests;
			sourceTree = "<group>";
		};
/* End PBXGroup section */

/* Begin PBXNativeTarget section */
		5E9ED66B300B6DE900B1B36C /* Deepfake_Check_Project */ = {
			isa = PBXNativeTarget;
			buildConfigurationList = 5E9ED696300B6E2E00B1B36C /* Build configuration list for PBXNativeTarget "Deepfake_Check_Project" */;
			buildPhases = (
				5E9ED668300B6DE900B1B36C /* Sources */,
				5E9ED669300B6DE900B1B36C /* Frameworks */,
				5E9ED66A300B6DE900B1B36C /* Resources */,
			);
			buildRules = (
			);
			dependencies = (
			);
			name = Deepfake_Check_Project;
			packageProductDependencies = (
				5E9ED6A1300B871600B1B36C /* TruthTubeSDK */,
			);
			productName = Deepfake_Check_Project;
			productReference = 5E9ED66C300B6DE900B1B36C /* Deepfake_Check_Project.app */;
			productType = "com.apple.product-type.application";
		};
		5E9ED681300B6E2D00B1B36C /* Deepfake_Check_ProjectTests */ = {
			isa = PBXNativeTarget;
			buildConfigurationList = 5E9ED699300B6E2E00B1B36C /* Build configuration list for PBXNativeTarget "Deepfake_Check_ProjectTests" */;
			buildPhases = (
				5E9ED67E300B6E2D00B1B36C /* Sources */,
				5E9ED67F300B6E2D00B1B36C /* Frameworks */,
				5E9ED680300B6E2D00B1B36C /* Resources */,
			);
			buildRules = (
			);
			dependencies = (
				5E9ED684300B6E2D00B1B36C /* PBXTargetDependency */,
			);
			name = Deepfake_Check_ProjectTests;
			productName = Deepfake_Check_ProjectTests;
			productReference = 5E9ED682300B6E2D00B1B36C /* Deepfake_Check_ProjectTests.xctest */;
			productType = "com.apple.product-type.bundle.unit-test";
		};
		5E9ED68B300B6E2E00B1B36C /* Deepfake_Check_ProjectUITests */ = {
			isa = PBXNativeTarget;
			buildConfigurationList = 5E9ED69C300B6E2E00B1B36C /* Build configuration list for PBXNativeTarget "Deepfake_Check_ProjectUITests" */;
			buildPhases = (
				5E9ED688300B6E2E00B1B36C /* Sources */,
				5E9ED689300B6E2E00B1B36C /* Frameworks */,
				5E9ED68A300B6E2E00B1B36C /* Resources */,
			);
			buildRules = (
			);
			dependencies = (
				5E9ED68E300B6E2E00B1B36C /* PBXTargetDependency */,
			);
			name = Deepfake_Check_ProjectUITests;
			productName = Deepfake_Check_ProjectUITests;
			productReference = 5E9ED68C300B6E2E00B1B36C /* Deepfake_Check_ProjectUITests.xctest */;
			productType = "com.apple.product-type.bundle.ui-testing";
		};
/* End PBXNativeTarget section */

/* Begin PBXProject section */
		5E9ED664300B6DE800B1B36C /* Project object */ = {
			isa = PBXProject;
			attributes = {
				BuildIndependentTargetsInParallel = 1;
				LastSwiftUpdateCheck = 1520;
				LastUpgradeCheck = 1520;
				TargetAttributes = {
					5E9ED66B300B6DE900B1B36C = {
						CreatedOnToolsVersion = 15.2;
					};
					5E9ED681300B6E2D00B1B36C = {
						CreatedOnToolsVersion = 15.2;
						TestTargetID = 5E9ED66B300B6DE900B1B36C;
					};
					5E9ED68B300B6E2E00B1B36C = {
						CreatedOnToolsVersion = 15.2;
						TestTargetID = 5E9ED66B300B6DE900B1B36C;
					};
				};
			};
			buildConfigurationList = 5E9ED667300B6DE800B1B36C /* Build configuration list for PBXProject "Deepfake_Check_Project" */;
			compatibilityVersion = "Xcode 14.0";
			developmentRegion = en;
			hasScannedForEncodings = 0;
			knownRegions = (
				en,
				Base,
			);
			mainGroup = 5E9ED663300B6DE800B1B36C;
			packageReferences = (
				5E9ED6A0300B871600B1B36C /* XCLocalSwiftPackageReference "../../Downloads/TruthTubeSDK_UIKit" */,
			);
			productRefGroup = 5E9ED66D300B6DE900B1B36C /* Products */;
			projectDirPath = "";
			projectRoot = "";
			targets = (
				5E9ED66B300B6DE900B1B36C /* Deepfake_Check_Project */,
				5E9ED681300B6E2D00B1B36C /* Deepfake_Check_ProjectTests */,
				5E9ED68B300B6E2E00B1B36C /* Deepfake_Check_ProjectUITests */,
			);
		};
/* End PBXProject section */

/* Begin PBXResourcesBuildPhase section */
		5E9ED66A300B6DE900B1B36C /* Resources */ = {
			isa = PBXResourcesBuildPhase;
			buildActionMask = 2147483647;
			files = (
				5E9ED67C300B6E2A00B1B36C /* LaunchScreen.storyboard in Resources */,
				5E9ED679300B6E2A00B1B36C /* Assets.xcassets in Resources */,
				5E9ED677300B6DEB00B1B36C /* Main.storyboard in Resources */,
			);
			runOnlyForDeploymentPostprocessing = 0;
		};
		5E9ED680300B6E2D00B1B36C /* Resources */ = {
			isa = PBXResourcesBuildPhase;
			buildActionMask = 2147483647;
			files = (
			);
			runOnlyForDeploymentPostprocessing = 0;
		};
		5E9ED68A300B6E2E00B1B36C /* Resources */ = {
			isa = PBXResourcesBuildPhase;
			buildActionMask = 2147483647;
			files = (
			);
			runOnlyForDeploymentPostprocessing = 0;
		};
/* End PBXResourcesBuildPhase section */

/* Begin PBXSourcesBuildPhase section */
		5E9ED668300B6DE900B1B36C /* Sources */ = {
			isa = PBXSourcesBuildPhase;
			buildActionMask = 2147483647;
			files = (
				5E9ED674300B6DEA00B1B36C /* ViewController.swift in Sources */,
				5E9ED670300B6DEA00B1B36C /* AppDelegate.swift in Sources */,
				5E9ED672300B6DEA00B1B36C /* SceneDelegate.swift in Sources */,
			);
			runOnlyForDeploymentPostprocessing = 0;
		};
		5E9ED67E300B6E2D00B1B36C /* Sources */ = {
			isa = PBXSourcesBuildPhase;
			buildActionMask = 2147483647;
			files = (
				5E9ED687300B6E2D00B1B36C /* Deepfake_Check_ProjectTests.swift in Sources */,
			);
			runOnlyForDeploymentPostprocessing = 0;
		};
		5E9ED688300B6E2E00B1B36C /* Sources */ = {
			isa = PBXSourcesBuildPhase;
			buildActionMask = 2147483647;
			files = (
				5E9ED693300B6E2E00B1B36C /* Deepfake_Check_ProjectUITestsLaunchTests.swift in Sources */,
				5E9ED691300B6E2E00B1B36C /* Deepfake_Check_ProjectUITests.swift in Sources */,
			);
			runOnlyForDeploymentPostprocessing = 0;
		};
/* End PBXSourcesBuildPhase section */

/* Begin PBXTargetDependency section */
		5E9ED684300B6E2D00B1B36C /* PBXTargetDependency */ = {
			isa = PBXTargetDependency;
			target = 5E9ED66B300B6DE900B1B36C /* Deepfake_Check_Project */;
			targetProxy = 5E9ED683300B6E2D00B1B36C /* PBXContainerItemProxy */;
		};
		5E9ED68E300B6E2E00B1B36C /* PBXTargetDependency */ = {
			isa = PBXTargetDependency;
			target = 5E9ED66B300B6DE900B1B36C /* Deepfake_Check_Project */;
			targetProxy = 5E9ED68D300B6E2E00B1B36C /* PBXContainerItemProxy */;
		};
/* End PBXTargetDependency section */

/* Begin PBXVariantGroup section */
		5E9ED675300B6DEB00B1B36C /* Main.storyboard */ = {
			isa = PBXVariantGroup;
			children = (
				5E9ED676300B6DEB00B1B36C /* Base */,
			);
			name = Main.storyboard;
			sourceTree = "<group>";
		};
		5E9ED67A300B6E2A00B1B36C /* LaunchScreen.storyboard */ = {
			isa = PBXVariantGroup;
			children = (
				5E9ED67B300B6E2A00B1B36C /* Base */,
			);
			name = LaunchScreen.storyboard;
			sourceTree = "<group>";
		};
/* End PBXVariantGroup section */

/* Begin XCBuildConfiguration section */
		5E9ED694300B6E2E00B1B36C /* Debug */ = {
			isa = XCBuildConfiguration;
			buildSettings = {
				ALWAYS_SEARCH_USER_PATHS = NO;
				ASSETCATALOG_COMPILER_GENERATE_SWIFT_ASSET_SYMBOL_EXTENSIONS = YES;
				CLANG_ANALYZER_NONNULL = YES;
				CLANG_ANALYZER_NUMBER_OBJECT_CONVERSION = YES_AGGRESSIVE;
				CLANG_CXX_LANGUAGE_STANDARD = "gnu++20";
				CLANG_ENABLE_MODULES = YES;
				CLANG_ENABLE_OBJC_ARC = YES;
				CLANG_ENABLE_OBJC_WEAK = YES;
				CLANG_WARN_BLOCK_CAPTURE_AUTORELEASING = YES;
				CLANG_WARN_BOOL_CONVERSION = YES;
				CLANG_WARN_COMMA = YES;
				CLANG_WARN_CONSTANT_CONVERSION = YES;
				CLANG_WARN_DEPRECATED_OBJC_IMPLEMENTATIONS = YES;
				CLANG_WARN_DIRECT_OBJC_ISA_USAGE = YES_ERROR;
				CLANG_WARN_DOCUMENTATION_COMMENTS = YES;
				CLANG_WARN_EMPTY_BODY = YES;
				CLANG_WARN_ENUM_CONVERSION = YES;
				CLANG_WARN_INFINITE_RECURSION = YES;
				CLANG_WARN_INT_CONVERSION = YES;
				CLANG_WARN_NON_LITERAL_NULL_CONVERSION = YES;
				CLANG_WARN_OBJC_IMPLICIT_RETAIN_SELF = YES;
				CLANG_WARN_OBJC_LITERAL_CONVERSION = YES;
				CLANG_WARN_OBJC_ROOT_CLASS = YES_ERROR;
				CLANG_WARN_QUOTED_INCLUDE_IN_FRAMEWORK_HEADER = YES;
				CLANG_WARN_RANGE_LOOP_ANALYSIS = YES;
				CLANG_WARN_STRICT_PROTOTYPES = YES;
				CLANG_WARN_SUSPICIOUS_MOVE = YES;
				CLANG_WARN_UNGUARDED_AVAILABILITY = YES_AGGRESSIVE;
				CLANG_WARN_UNREACHABLE_CODE = YES;
				CLANG_WARN__DUPLICATE_METHOD_MATCH = YES;
				COPY_PHASE_STRIP = NO;
				DEBUG_INFORMATION_FORMAT = dwarf;
				ENABLE_STRICT_OBJC_MSGSEND = YES;
				ENABLE_TESTABILITY = YES;
				ENABLE_USER_SCRIPT_SANDBOXING = YES;
				GCC_C_LANGUAGE_STANDARD = gnu17;
				GCC_DYNAMIC_NO_PIC = NO;
				GCC_NO_COMMON_BLOCKS = YES;
				GCC_OPTIMIZATION_LEVEL = 0;
				GCC_PREPROCESSOR_DEFINITIONS = (
					"DEBUG=1",
					"$(inherited)",
				);
				GCC_WARN_64_TO_32_BIT_CONVERSION = YES;
				GCC_WARN_ABOUT_RETURN_TYPE = YES_ERROR;
				GCC_WARN_UNDECLARED_SELECTOR = YES;
				GCC_WARN_UNINITIALIZED_AUTOS = YES_AGGRESSIVE;
				GCC_WARN_UNUSED_FUNCTION = YES;
				GCC_WARN_UNUSED_VARIABLE = YES;
				IPHONEOS_DEPLOYMENT_TARGET = 17.2;
				LOCALIZATION_PREFERS_STRING_CATALOGS = YES;
				MTL_ENABLE_DEBUG_INFO = INCLUDE_SOURCE;
				MTL_FAST_MATH = YES;
				ONLY_ACTIVE_ARCH = YES;
				SDKROOT = iphoneos;
				SWIFT_ACTIVE_COMPILATION_CONDITIONS = "DEBUG $(inherited)";
				SWIFT_OPTIMIZATION_LEVEL = "-Onone";
			};
			name = Debug;
		};
		5E9ED695300B6E2E00B1B36C /* Release */ = {
			isa = XCBuildConfiguration;
			buildSettings = {
				ALWAYS_SEARCH_USER_PATHS = NO;
				ASSETCATALOG_COMPILER_GENERATE_SWIFT_ASSET_SYMBOL_EXTENSIONS = YES;
				CLANG_ANALYZER_NONNULL = YES;
				CLANG_ANALYZER_NUMBER_OBJECT_CONVERSION = YES_AGGRESSIVE;
				CLANG_CXX_LANGUAGE_STANDARD = "gnu++20";
				CLANG_ENABLE_MODULES = YES;
				CLANG_ENABLE_OBJC_ARC = YES;
				CLANG_ENABLE_OBJC_WEAK = YES;
				CLANG_WARN_BLOCK_CAPTURE_AUTORELEASING = YES;
				CLANG_WARN_BOOL_CONVERSION = YES;
				CLANG_WARN_COMMA = YES;
				CLANG_WARN_CONSTANT_CONVERSION = YES;
				CLANG_WARN_DEPRECATED_OBJC_IMPLEMENTATIONS = YES;
				CLANG_WARN_DIRECT_OBJC_ISA_USAGE = YES_ERROR;
				CLANG_WARN_DOCUMENTATION_COMMENTS = YES;
				CLANG_WARN_EMPTY_BODY = YES;
				CLANG_WARN_ENUM_CONVERSION = YES;
				CLANG_WARN_INFINITE_RECURSION = YES;
				CLANG_WARN_INT_CONVERSION = YES;
				CLANG_WARN_NON_LITERAL_NULL_CONVERSION = YES;
				CLANG_WARN_OBJC_IMPLICIT_RETAIN_SELF = YES;
				CLANG_WARN_OBJC_LITERAL_CONVERSION = YES;
				CLANG_WARN_OBJC_ROOT_CLASS = YES_ERROR;
				CLANG_WARN_QUOTED_INCLUDE_IN_FRAMEWORK_HEADER = YES;
				CLANG_WARN_RANGE_LOOP_ANALYSIS = YES;
				CLANG_WARN_STRICT_PROTOTYPES = YES;
				CLANG_WARN_SUSPICIOUS_MOVE = YES;
				CLANG_WARN_UNGUARDED_AVAILABILITY = YES_AGGRESSIVE;
				CLANG_WARN_UNREACHABLE_CODE = YES;
				CLANG_WARN__DUPLICATE_METHOD_MATCH = YES;
				COPY_PHASE_STRIP = NO;
				DEBUG_INFORMATION_FORMAT = "dwarf-with-dsym";
				ENABLE_NS_ASSERTIONS = NO;
				ENABLE_STRICT_OBJC_MSGSEND = YES;
				ENABLE_USER_SCRIPT_SANDBOXING = YES;
				GCC_C_LANGUAGE_STANDARD = gnu17;
				GCC_NO_COMMON_BLOCKS = YES;
				GCC_WARN_64_TO_32_BIT_CONVERSION = YES;
				GCC_WARN_ABOUT_RETURN_TYPE = YES_ERROR;
				GCC_WARN_UNDECLARED_SELECTOR = YES;
				GCC_WARN_UNINITIALIZED_AUTOS = YES_AGGRESSIVE;
				GCC_WARN_UNUSED_FUNCTION = YES;
				GCC_WARN_UNUSED_VARIABLE = YES;
				IPHONEOS_DEPLOYMENT_TARGET = 17.2;
				LOCALIZATION_PREFERS_STRING_CATALOGS = YES;
				MTL_ENABLE_DEBUG_INFO = NO;
				MTL_FAST_MATH = YES;
				SDKROOT = iphoneos;
				SWIFT_COMPILATION_MODE = wholemodule;
				VALIDATE_PRODUCT = YES;
			};
			name = Release;
		};
		5E9ED697300B6E2E00B1B36C /* Debug */ = {
			isa = XCBuildConfiguration;
			buildSettings = {
				ASSETCATALOG_COMPILER_APPICON_NAME = AppIcon;
				ASSETCATALOG_COMPILER_GLOBAL_ACCENT_COLOR_NAME = AccentColor;
				CODE_SIGN_STYLE = Automatic;
				CURRENT_PROJECT_VERSION = 1;
				DEVELOPMENT_TEAM = 9YYYTP9J4R;
				GENERATE_INFOPLIST_FILE = YES;
				INFOPLIST_FILE = Deepfake_Check_Project/Info.plist;
				INFOPLIST_KEY_UIApplicationSupportsIndirectInputEvents = YES;
				INFOPLIST_KEY_UILaunchStoryboardName = LaunchScreen;
				INFOPLIST_KEY_UIMainStoryboardFile = Main;
				INFOPLIST_KEY_UISupportedInterfaceOrientations_iPad = "UIInterfaceOrientationPortrait UIInterfaceOrientationPortraitUpsideDown UIInterfaceOrientationLandscapeLeft UIInterfaceOrientationLandscapeRight";
				INFOPLIST_KEY_UISupportedInterfaceOrientations_iPhone = "UIInterfaceOrientationPortrait UIInterfaceOrientationLandscapeLeft UIInterfaceOrientationLandscapeRight";
				LD_RUNPATH_SEARCH_PATHS = (
					"$(inherited)",
					"@executable_path/Frameworks",
				);
				MARKETING_VERSION = 1.0;
				PRODUCT_BUNDLE_IDENTIFIER = "xyz.com.Deepfake-Check-Project";
				PRODUCT_NAME = "$(TARGET_NAME)";
				SWIFT_EMIT_LOC_STRINGS = YES;
				SWIFT_VERSION = 5.0;
				TARGETED_DEVICE_FAMILY = "1,2";
			};
			name = Debug;
		};
		5E9ED698300B6E2E00B1B36C /* Release */ = {
			isa = XCBuildConfiguration;
			buildSettings = {
				ASSETCATALOG_COMPILER_APPICON_NAME = AppIcon;
				ASSETCATALOG_COMPILER_GLOBAL_ACCENT_COLOR_NAME = AccentColor;
				CODE_SIGN_STYLE = Automatic;
				CURRENT_PROJECT_VERSION = 1;
				DEVELOPMENT_TEAM = 9YYYTP9J4R;
				GENERATE_INFOPLIST_FILE = YES;
				INFOPLIST_FILE = Deepfake_Check_Project/Info.plist;
				INFOPLIST_KEY_UIApplicationSupportsIndirectInputEvents = YES;
				INFOPLIST_KEY_UILaunchStoryboardName = LaunchScreen;
				INFOPLIST_KEY_UIMainStoryboardFile = Main;
				INFOPLIST_KEY_UISupportedInterfaceOrientations_iPad = "UIInterfaceOrientationPortrait UIInterfaceOrientationPortraitUpsideDown UIInterfaceOrientationLandscapeLeft UIInterfaceOrientationLandscapeRight";
				INFOPLIST_KEY_UISupportedInterfaceOrientations_iPhone = "UIInterfaceOrientationPortrait UIInterfaceOrientationLandscapeLeft UIInterfaceOrientationLandscapeRight";
				LD_RUNPATH_SEARCH_PATHS = (
					"$(inherited)",
					"@executable_path/Frameworks",
				);
				MARKETING_VERSION = 1.0;
				PRODUCT_BUNDLE_IDENTIFIER = "xyz.com.Deepfake-Check-Project";
				PRODUCT_NAME = "$(TARGET_NAME)";
				SWIFT_EMIT_LOC_STRINGS = YES;
				SWIFT_VERSION = 5.0;
				TARGETED_DEVICE_FAMILY = "1,2";
			};
			name = Release;
		};
		5E9ED69A300B6E2E00B1B36C /* Debug */ = {
			isa = XCBuildConfiguration;
			buildSettings = {
				ALWAYS_EMBED_SWIFT_STANDARD_LIBRARIES = YES;
				BUNDLE_LOADER = "$(TEST_HOST)";
				CODE_SIGN_STYLE = Automatic;
				CURRENT_PROJECT_VERSION = 1;
				DEVELOPMENT_TEAM = 9YYYTP9J4R;
				GENERATE_INFOPLIST_FILE = YES;
				IPHONEOS_DEPLOYMENT_TARGET = 17.2;
				MARKETING_VERSION = 1.0;
				PRODUCT_BUNDLE_IDENTIFIER = "xyz.com.Deepfake-Check-ProjectTests";
				PRODUCT_NAME = "$(TARGET_NAME)";
				SWIFT_EMIT_LOC_STRINGS = NO;
				SWIFT_VERSION = 5.0;
				TARGETED_DEVICE_FAMILY = "1,2";
				TEST_HOST = "$(BUILT_PRODUCTS_DIR)/Deepfake_Check_Project.app/$(BUNDLE_EXECUTABLE_FOLDER_PATH)/Deepfake_Check_Project";
			};
			name = Debug;
		};
		5E9ED69B300B6E2E00B1B36C /* Release */ = {
			isa = XCBuildConfiguration;
			buildSettings = {
				ALWAYS_EMBED_SWIFT_STANDARD_LIBRARIES = YES;
				BUNDLE_LOADER = "$(TEST_HOST)";
				CODE_SIGN_STYLE = Automatic;
				CURRENT_PROJECT_VERSION = 1;
				DEVELOPMENT_TEAM = 9YYYTP9J4R;
				GENERATE_INFOPLIST_FILE = YES;
				IPHONEOS_DEPLOYMENT_TARGET = 17.2;
				MARKETING_VERSION = 1.0;
				PRODUCT_BUNDLE_IDENTIFIER = "xyz.com.Deepfake-Check-ProjectTests";
				PRODUCT_NAME = "$(TARGET_NAME)";
				SWIFT_EMIT_LOC_STRINGS = NO;
				SWIFT_VERSION = 5.0;
				TARGETED_DEVICE_FAMILY = "1,2";
				TEST_HOST = "$(BUILT_PRODUCTS_DIR)/Deepfake_Check_Project.app/$(BUNDLE_EXECUTABLE_FOLDER_PATH)/Deepfake_Check_Project";
			};
			name = Release;
		};
		5E9ED69D300B6E2E00B1B36C /* Debug */ = {
			isa = XCBuildConfiguration;
			buildSettings = {
				ALWAYS_EMBED_SWIFT_STANDARD_LIBRARIES = YES;
				CODE_SIGN_STYLE = Automatic;
				CURRENT_PROJECT_VERSION = 1;
				DEVELOPMENT_TEAM = 9YYYTP9J4R;
				GENERATE_INFOPLIST_FILE = YES;
				MARKETING_VERSION = 1.0;
				PRODUCT_BUNDLE_IDENTIFIER = "xyz.com.Deepfake-Check-ProjectUITests";
				PRODUCT_NAME = "$(TARGET_NAME)";
				SWIFT_EMIT_LOC_STRINGS = NO;
				SWIFT_VERSION = 5.0;
				TARGETED_DEVICE_FAMILY = "1,2";
				TEST_TARGET_NAME = Deepfake_Check_Project;
			};
			name = Debug;
		};
		5E9ED69E300B6E2E00B1B36C /* Release */ = {
			isa = XCBuildConfiguration;
			buildSettings = {
				ALWAYS_EMBED_SWIFT_STANDARD_LIBRARIES = YES;
				CODE_SIGN_STYLE = Automatic;
				CURRENT_PROJECT_VERSION = 1;
				DEVELOPMENT_TEAM = 9YYYTP9J4R;
				GENERATE_INFOPLIST_FILE = YES;
				MARKETING_VERSION = 1.0;
				PRODUCT_BUNDLE_IDENTIFIER = "xyz.com.Deepfake-Check-ProjectUITests";
				PRODUCT_NAME = "$(TARGET_NAME)";
				SWIFT_EMIT_LOC_STRINGS = NO;
				SWIFT_VERSION = 5.0;
				TARGETED_DEVICE_FAMILY = "1,2";
				TEST_TARGET_NAME = Deepfake_Check_Project;
			};
			name = Release;
		};
/* End XCBuildConfiguration section */

/* Begin XCConfigurationList section */
		5E9ED667300B6DE800B1B36C /* Build configuration list for PBXProject "Deepfake_Check_Project" */ = {
			isa = XCConfigurationList;
			buildConfigurations = (
				5E9ED694300B6E2E00B1B36C /* Debug */,
				5E9ED695300B6E2E00B1B36C /* Release */,
			);
			defaultConfigurationIsVisible = 0;
			defaultConfigurationName = Release;
		};
		5E9ED696300B6E2E00B1B36C /* Build configuration list for PBXNativeTarget "Deepfake_Check_Project" */ = {
			isa = XCConfigurationList;
			buildConfigurations = (
				5E9ED697300B6E2E00B1B36C /* Debug */,
				5E9ED698300B6E2E00B1B36C /* Release */,
			);
			defaultConfigurationIsVisible = 0;
			defaultConfigurationName = Release;
		};
		5E9ED699300B6E2E00B1B36C /* Build configuration list for PBXNativeTarget "Deepfake_Check_ProjectTests" */ = {
			isa = XCConfigurationList;
			buildConfigurations = (
				5E9ED69A300B6E2E00B1B36C /* Debug */,
				5E9ED69B300B6E2E00B1B36C /* Release */,
			);
			defaultConfigurationIsVisible = 0;
			defaultConfigurationName = Release;
		};
		5E9ED69C300B6E2E00B1B36C /* Build configuration list for PBXNativeTarget "Deepfake_Check_ProjectUITests" */ = {
			isa = XCConfigurationList;
			buildConfigurations = (
				5E9ED69D300B6E2E00B1B36C /* Debug */,
				5E9ED69E300B6E2E00B1B36C /* Release */,
			);
			defaultConfigurationIsVisible = 0;
			defaultConfigurationName = Release;
		};
/* End XCConfigurationList section */

/* Begin XCLocalSwiftPackageReference section */
		5E9ED6A0300B871600B1B36C /* XCLocalSwiftPackageReference "../../Downloads/TruthTubeSDK_UIKit" */ = {
			isa = XCLocalSwiftPackageReference;
			relativePath = ../../Downloads/TruthTubeSDK_UIKit;
		};
/* End XCLocalSwiftPackageReference section */

/* Begin XCSwiftPackageProductDependency section */
		5E9ED6A1300B871600B1B36C /* TruthTubeSDK */ = {
			isa = XCSwiftPackageProductDependency;
			productName = TruthTubeSDK;
		};
/* End XCSwiftPackageProductDependency section */
	};
	rootObject = 5E9ED664300B6DE800B1B36C /* Project object */;
}
